{
    "version": 3,
    "terraform_version": "0.11.10",
    "serial": 4,
    "lineage": "1daf7e33-7d80-c969-5b55-2735614ee175",
    "modules": [
        {
            "path": [
                "root"
            ],
            "outputs": {},
            "resources": {
                "aws_instance.Built-with-terraform": {
                    "type": "aws_instance",
                    "depends_on": [],
                    "primary": {
                        "id": "i-0139c36e9fbd8402a",
                        "attributes": {
                            "ami": "ami-023b89f5f213db6b7",
                            "arn": "arn:aws:ec2:eu-west-1:679859259496:instance/i-0139c36e9fbd8402a",
                            "associate_public_ip_address": "true",
                            "availability_zone": "eu-west-1b",
                            "cpu_core_count": "1",
                            "cpu_threads_per_core": "1",
                            "credit_specification.#": "1",
                            "credit_specification.0.cpu_credits": "standard",
                            "disable_api_termination": "false",
                            "ebs_block_device.#": "0",
                            "ebs_optimized": "false",
                            "ephemeral_block_device.#": "0",
                            "get_password_data": "false",
                            "iam_instance_profile": "",
                            "id": "i-0139c36e9fbd8402a",
                            "instance_state": "running",
                            "instance_type": "t2.micro",
                            "ipv6_address_count": "0",
                            "ipv6_addresses.#": "0",
                            "key_name": "",
                            "monitoring": "false",
                            "network_interface.#": "0",
                            "password_data": "",
                            "placement_group": "",
                            "primary_network_interface_id": "eni-0c558558b43c7444f",
                            "private_dns": "ip-172-31-16-44.eu-west-1.compute.internal",
                            "private_ip": "172.31.16.44",
                            "public_dns": "ec2-34-245-218-60.eu-west-1.compute.amazonaws.com",
                            "public_ip": "34.245.218.60",
                            "root_block_device.#": "1",
                            "root_block_device.0.delete_on_termination": "true",
                            "root_block_device.0.iops": "100",
                            "root_block_device.0.volume_id": "vol-0d4090608e78a44d2",
                            "root_block_device.0.volume_size": "8",
                            "root_block_device.0.volume_type": "gp2",
                            "security_groups.#": "1",
                            "security_groups.3814588639": "default",
                            "source_dest_check": "true",
                            "subnet_id": "subnet-4e1a7606",
                            "tags.%": "0",
                            "tenancy": "default",
                            "volume_tags.%": "0",
                            "vpc_security_group_ids.#": "1",
                            "vpc_security_group_ids.2270750195": "sg-cdf4dbb2"
                        },
                        "meta": {
                            "e2bfb730-ecaa-11e6-8f88-34363bc7c4c0": {
                                "create": 600000000000,
                                "delete": 1200000000000,
                                "update": 600000000000
                            },
                            "schema_version": "1"
                        },
                        "tainted": false
                    },
                    "deposed": [],
                    "provider": "provider.aws"
                }
            },
            "depends_on": []
        }
    ]
}
